<?xml version="1.0" encoding="utf-8"?>
<Project ToolsVersion="4.0" xmlns="http://schemas.microsoft.com/developer/msbuild/2003">
  <ItemGroup>
    <Filter Include="common">
      <UniqueIdentifier>{ef14c214-f67a-43b6-af43-c884db788bc3}</UniqueIdentifier>
    </Filter>
    <Filter Include="math">
      <UniqueIdentifier>{92e1ae69-3656-4d6b-8f51-8f5e8d4d95a8}</UniqueIdentifier>
    </Filter>
    <Filter Include="renderer">
      <UniqueIdentifier>{2014c06d-2690-4c21-96e3-d156da9aecab}</UniqueIdentifier>
    </Filter>
    <Filter Include="external">
      <UniqueIdentifier>{feb2a230-4912-4c7c-b186-909447501af0}</UniqueIdentifier>
    </Filter>
    <Filter Include="main">
      <UniqueIdentifier>{4FC737F1-C7A5-4376-A066-2A32D752A2FF}</UniqueIdentifier>
      <Extensions>cpp;c;cc;cxx;c++;cppm;ixx;def;odl;idl;hpj;bat;asm;asmx</Extensions>
    </Filter>
    <Filter Include="main\test_scenes">
      <UniqueIdentifier>{f7a503b5-540e-4303-b399-0064cf98c0ac}</UniqueIdentifier>
    </Filter>
  </ItemGroup>
  <ItemGroup>
    <ClCompile Include="main.cpp">
      <Filter>main</Filter>
    </ClCompile>
    <ClCompile Include="common\export_buffer.cpp">
      <Filter>common</Filter>
    </ClCompile>
    <ClCompile Include="common\parallel_for.cpp">
      <Filter>common</Filter>
    </ClCompile>
    <ClCompile Include="common\profile.cpp">
      <Filter>common</Filter>
    </ClCompile>
    <ClCompile Include="common\thread_pool.cpp">
      <Filter>common</Filter>
    </ClCompile>
    <ClCompile Include="renderer\fps_meter.cpp">
      <Filter>renderer</Filter>
    </ClCompile>
    <ClCompile Include="renderer\input_stream.cpp">
      <Filter>renderer</Filter>
    </ClCompile>
    <ClCompile Include="renderer\mesh.cpp">
      <Filter>renderer</Filter>
    </ClCompile>
    <ClCompile Include="renderer\mesh_loader.cpp">
      <Filter>renderer</Filter>
    </ClCompile>
    <ClCompile Include="renderer\raster.cpp">
      <Filter>renderer</Filter>
    </ClCompile>
    <ClCompile Include="renderer\raster_2d.cpp">
      <Filter>renderer</Filter>
    </ClCompile>
    <ClCompile Include="renderer\raster_binning.cpp">
      <Filter>renderer</Filter>
    </ClCompile>
    <ClCompile Include="renderer\raster_rasterize.cpp">
      <Filter>renderer</Filter>
    </ClCompile>
    <ClCompile Include="renderer\raster_vtransf.cpp">
      <Filter>renderer</Filter>
    </ClCompile>
    <ClCompile Include="renderer\render_stats.cpp">
      <Filter>renderer</Filter>
    </ClCompile>
    <ClCompile Include="renderer\texture_loader.cpp">
      <Filter>renderer</Filter>
    </ClCompile>
    <ClCompile Include="test_scenes\test_scene_2d.cpp">
      <Filter>main\test_scenes</Filter>
    </ClCompile>
    <ClCompile Include="test_scenes\test_scene_empty.cpp">
      <Filter>main\test_scenes</Filter>
    </ClCompile>
    <ClCompile Include="test_scenes\test_scene_sponza.cpp">
      <Filter>main\test_scenes</Filter>
    </ClCompile>
    <ClCompile Include="test_scenes\test_scene_tr3.cpp">
      <Filter>main\test_scenes</Filter>
    </ClCompile>
    <ClCompile Include="test_scenes\test_scene_unreal.cpp">
      <Filter>main\test_scenes</Filter>
    </ClCompile>
    <ClCompile Include="test_scenes\uarch_loader.cpp">
      <Filter>main\test_scenes</Filter>
    </ClCompile>
    <ClCompile Include="common\task_system.cpp">
      <Filter>common</Filter>
    </ClCompile>
  </ItemGroup>
  <ItemGroup>
    <ClInclude Include="shared.h">
      <Filter>main</Filter>
    </ClInclude>
    <ClInclude Include="external\fast_obj.h">
      <Filter>external</Filter>
    </ClInclude>
    <ClInclude Include="external\stb_image_resize2.h">
      <Filter>external</Filter>
    </ClInclude>
    <ClInclude Include="external\thirteen.h">
      <Filter>external</Filter>
    </ClInclude>
    <ClInclude Include="external\tinyobj_loader.h">
      <Filter>external</Filter>
    </ClInclude>
    <ClInclude Include="math\color4.h">
      <Filter>math</Filter>
    </ClInclude>
    <ClInclude Include="math\mat4.h">
      <Filter>math</Filter>
    </ClInclude>
    <ClInclude Include="math\mathlib.h">
      <Filter>math</Filter>
    </ClInclude>
    <ClInclude Include="math\mathlib_common.h">
      <Filter>math</Filter>
    </ClInclude>
    <ClInclude Include="math\mathlib_intrinsics.h">
      <Filter>math</Filter>
    </ClInclude>
    <ClInclude Include="math\mathlib_types.h">
      <Filter>math</Filter>
    </ClInclude>
    <ClInclude Include="math\vec3.h">
      <Filter>math</Filter>
    </ClInclude>
    <ClInclude Include="common\common.h">
      <Filter>common</Filter>
    </ClInclude>
    <ClInclude Include="common\export_buffer.h">
      <Filter>common</Filter>
    </ClInclude>
    <ClInclude Include="common\parallel_for.h">
      <Filter>common</Filter>
    </ClInclude>
    <ClInclude Include="common\profile.h">
      <Filter>common</Filter>
    </ClInclude>
    <ClInclude Include="common\thread_pool.h">
      <Filter>common</Filter>
    </ClInclude>
    <ClInclude Include="renderer\fps_meter.h">
      <Filter>renderer</Filter>
    </ClInclude>
    <ClInclude Include="renderer\input_stream.h">
      <Filter>renderer</Filter>
    </ClInclude>
    <ClInclude Include="renderer\mesh.h">
      <Filter>renderer</Filter>
    </ClInclude>
    <ClInclude Include="renderer\mesh_loader.h">
      <Filter>renderer</Filter>
    </ClInclude>
    <ClInclude Include="renderer\raster.h">
      <Filter>renderer</Filter>
    </ClInclude>
    <ClInclude Include="renderer\raster_common.h">
      <Filter>renderer</Filter>
    </ClInclude>
    <ClInclude Include="renderer\raster_internal.h">
      <Filter>renderer</Filter>
    </ClInclude>
    <ClInclude Include="renderer\raster_types.h">
      <Filter>renderer</Filter>
    </ClInclude>
    <ClInclude Include="renderer\render_stats.h">
      <Filter>renderer</Filter>
    </ClInclude>
    <ClInclude Include="renderer\texture_loader.h">
      <Filter>renderer</Filter>
    </ClInclude>
    <ClInclude Include="test_scenes\uarch_loader.h">
      <Filter>main\test_scenes</Filter>
    </ClInclude>
    <ClInclude Include="common\task_system.h">
      <Filter>common</Filter>
    </ClInclude>
  </ItemGroup>
  <ItemGroup>
    <Text Include="todo.txt" />
  </ItemGroup>
</Project>